// !$*UTF8*$!
{
	archiveVersion = 1;
	classes = {
	};
	objectVersion = 52;
	objects = {

/* Begin PBXBuildFile section */
		D94388F324187C280069596D /* CustomerRepository.swift in Sources */ = {isa = PBXBuildFile; fileRef = D94388F224187C280069596D /* CustomerRepository.swift */; };
		D94388F624187CCF0069596D /* Customer.swift in Sources */ = {isa = PBXBuildFile; fileRef = D94388F524187CCF0069596D /* Customer.swift */; };
		D94388FA24188ED40069596D /* AppState.swift in Sources */ = {isa = PBXBuildFile; fileRef = D94388F924188ED40069596D /* AppState.swift */; };
		D94388FD2418994D0069596D /* KeychainAccess in Frameworks */ = {isa = PBXBuildFile; productRef = D94388FC2418994D0069596D /* KeychainAccess */; };
		D943890024189BCD0069596D /* AccountView.swift in Sources */ = {isa = PBXBuildFile; fileRef = D94388FF24189BCD0069596D /* AccountView.swift */; };
		D943890324189C760069596D /* MockUserRepository.swift in Sources */ = {isa = PBXBuildFile; fileRef = D943890224189C760069596D /* MockUserRepository.swift */; };
		D943890524189F500069596D /* TestWebRepository.swift in Sources */ = {isa = PBXBuildFile; fileRef = D943890424189F500069596D /* TestWebRepository.swift */; };
		D94389072418A5F20069596D /* MockCustomerRepository.swift in Sources */ = {isa = PBXBuildFile; fileRef = D94389062418A5F20069596D /* MockCustomerRepository.swift */; };
		D959070A241F6377005FBCF1 /* ImageLoader.swift in Sources */ = {isa = PBXBuildFile; fileRef = D9590709241F6377005FBCF1 /* ImageLoader.swift */; };
		D959070C241F63D8005FBCF1 /* AsyncImage.swift in Sources */ = {isa = PBXBuildFile; fileRef = D959070B241F63D8005FBCF1 /* AsyncImage.swift */; };
		D96365F52414ED0000F1B209 /* LoginView.swift in Sources */ = {isa = PBXBuildFile; fileRef = D96365F42414ED0000F1B209 /* LoginView.swift */; };
		D96365F72414F60700F1B209 /* LoginViewModel.swift in Sources */ = {isa = PBXBuildFile; fileRef = D96365F62414F60700F1B209 /* LoginViewModel.swift */; };
		D99380112414DA410067CB6A /* AppDelegate.swift in Sources */ = {isa = PBXBuildFile; fileRef = D99380102414DA410067CB6A /* AppDelegate.swift */; };
		D99380132414DA410067CB6A /* SceneDelegate.swift in Sources */ = {isa = PBXBuildFile; fileRef = D99380122414DA410067CB6A /* SceneDelegate.swift */; };
		D99380152414DA410067CB6A /* CustomersView.swift in Sources */ = {isa = PBXBuildFile; fileRef = D99380142414DA410067CB6A /* CustomersView.swift */; };
		D99380172414DA430067CB6A /* Assets.xcassets in Resources */ = {isa = PBXBuildFile; fileRef = D99380162414DA430067CB6A /* Assets.xcassets */; };
		D993801A2414DA430067CB6A /* Preview Assets.xcassets in Resources */ = {isa = PBXBuildFile; fileRef = D99380192414DA430067CB6A /* Preview Assets.xcassets */; };
		D993801D2414DA430067CB6A /* LaunchScreen.storyboard in Resources */ = {isa = PBXBuildFile; fileRef = D993801B2414DA430067CB6A /* LaunchScreen.storyboard */; };
		D993802B2414DB570067CB6A /* CustomersViewModel.swift in Sources */ = {isa = PBXBuildFile; fileRef = D993802A2414DB570067CB6A /* CustomersViewModel.swift */; };
		D993802E2414DB860067CB6A /* UI.swift in Sources */ = {isa = PBXBuildFile; fileRef = D993802D2414DB860067CB6A /* UI.swift */; };
		D99380312414DBCA0067CB6A /* SearchBarView.swift in Sources */ = {isa = PBXBuildFile; fileRef = D99380302414DBCA0067CB6A /* SearchBarView.swift */; };
		D99380332414DBFE0067CB6A /* CustomerSingleRow.swift in Sources */ = {isa = PBXBuildFile; fileRef = D99380322414DBFE0067CB6A /* CustomerSingleRow.swift */; };
		D9A8F670241A273D009BBAA6 /* TokenStore.swift in Sources */ = {isa = PBXBuildFile; fileRef = D9A8F66F241A273D009BBAA6 /* TokenStore.swift */; };
		D9B6811A242236E900BBE9FA /* BillingViewModel.swift in Sources */ = {isa = PBXBuildFile; fileRef = D9B68119242236E900BBE9FA /* BillingViewModel.swift */; };
		D9B6811C2422374900BBE9FA /* Billing.swift in Sources */ = {isa = PBXBuildFile; fileRef = D9B6811B2422374900BBE9FA /* Billing.swift */; };
		D9B6811E2422440100BBE9FA /* PriceFormatter.swift in Sources */ = {isa = PBXBuildFile; fileRef = D9B6811D2422440100BBE9FA /* PriceFormatter.swift */; };
		D9B681202422444D00BBE9FA /* BillingReduced.swift in Sources */ = {isa = PBXBuildFile; fileRef = D9B6811F2422444D00BBE9FA /* BillingReduced.swift */; };
		D9B9108C2420D7C700DB8181 /* CustomerDetailView.swift in Sources */ = {isa = PBXBuildFile; fileRef = D9B9108B2420D7C700DB8181 /* CustomerDetailView.swift */; };
		D9B9108F2420E0BD00DB8181 /* OrdersView.swift in Sources */ = {isa = PBXBuildFile; fileRef = D9B9108E2420E0BD00DB8181 /* OrdersView.swift */; };
		D9B910922420E10600DB8181 /* BillingView.swift in Sources */ = {isa = PBXBuildFile; fileRef = D9B910912420E10600DB8181 /* BillingView.swift */; };
		D9B910942420E78500DB8181 /* ImageCache.swift in Sources */ = {isa = PBXBuildFile; fileRef = D9B910932420E78500DB8181 /* ImageCache.swift */; };
		D9B910962420EB7F00DB8181 /* OrdersViewModel.swift in Sources */ = {isa = PBXBuildFile; fileRef = D9B910952420EB7F00DB8181 /* OrdersViewModel.swift */; };
		D9B910982420EBF900DB8181 /* OrderRepository.swift in Sources */ = {isa = PBXBuildFile; fileRef = D9B910972420EBF900DB8181 /* OrderRepository.swift */; };
		D9B9109A2420EC5300DB8181 /* Order.swift in Sources */ = {isa = PBXBuildFile; fileRef = D9B910992420EC5300DB8181 /* Order.swift */; };
		D9EC1F772423357B00FE186E /* DashboardView.swift in Sources */ = {isa = PBXBuildFile; fileRef = D9EC1F762423357B00FE186E /* DashboardView.swift */; };
		D9EC1F7D24235A3900FE186E /* OrdersDashboard.swift in Sources */ = {isa = PBXBuildFile; fileRef = D9EC1F7C24235A3900FE186E /* OrdersDashboard.swift */; };
		D9EC1F7F24235A7B00FE186E /* DashboardRepository.swift in Sources */ = {isa = PBXBuildFile; fileRef = D9EC1F7E24235A7B00FE186E /* DashboardRepository.swift */; };
		D9EC1F8124235B3A00FE186E /* DashboardViewModel.swift in Sources */ = {isa = PBXBuildFile; fileRef = D9EC1F8024235B3A00FE186E /* DashboardViewModel.swift */; };
		D9EC1F8324235C5800FE186E /* MockDashboardRepository.swift in Sources */ = {isa = PBXBuildFile; fileRef = D9EC1F8224235C5800FE186E /* MockDashboardRepository.swift */; };
		D9EC1F8524237E3500FE186E /* DateUtilities.swift in Sources */ = {isa = PBXBuildFile; fileRef = D9EC1F8424237E3500FE186E /* DateUtilities.swift */; };
		D9F843BB2416682B000783E7 /* RootView.swift in Sources */ = {isa = PBXBuildFile; fileRef = D9F843BA2416682B000783E7 /* RootView.swift */; };
		D9F843BE241753D2000783E7 /* APICall.swift in Sources */ = {isa = PBXBuildFile; fileRef = D9F843BD241753D2000783E7 /* APICall.swift */; };
		D9F843C0241753F4000783E7 /* WebRepository.swift in Sources */ = {isa = PBXBuildFile; fileRef = D9F843BF241753F4000783E7 /* WebRepository.swift */; };
		D9F843C224175425000783E7 /* Publisher.swift in Sources */ = {isa = PBXBuildFile; fileRef = D9F843C124175425000783E7 /* Publisher.swift */; };
		D9F843C42417545E000783E7 /* Error.swift in Sources */ = {isa = PBXBuildFile; fileRef = D9F843C32417545E000783E7 /* Error.swift */; };
		D9F843C6241754A8000783E7 /* UserRepository.swift in Sources */ = {isa = PBXBuildFile; fileRef = D9F843C5241754A8000783E7 /* UserRepository.swift */; };
		D9F843C92417668F000783E7 /* Config.swift in Sources */ = {isa = PBXBuildFile; fileRef = D9F843C82417668F000783E7 /* Config.swift */; };
		D9F870B42421DC61008CA30A /* Keyboard.swift in Sources */ = {isa = PBXBuildFile; fileRef = D9F870B32421DC61008CA30A /* Keyboard.swift */; };
		D9F870B82421FE3A008CA30A /* TabbarController.swift in Sources */ = {isa = PBXBuildFile; fileRef = D9F870B72421FE3A008CA30A /* TabbarController.swift */; };
/* End PBXBuildFile section */

/* Begin PBXFileReference section */
		D94388F224187C280069596D /* CustomerRepository.swift */ = {isa = PBXFileReference; lastKnownFileType = sourcecode.swift; path = CustomerRepository.swift; sourceTree = "<group>"; };
		D94388F524187CCF0069596D /* Customer.swift */ = {isa = PBXFileReference; lastKnownFileType = sourcecode.swift; path = Customer.swift; sourceTree = "<group>"; };
		D94388F924188ED40069596D /* AppState.swift */ = {isa = PBXFileReference; lastKnownFileType = sourcecode.swift; path = AppState.swift; sourceTree = "<group>"; };
		D94388FF24189BCD0069596D /* AccountView.swift */ = {isa = PBXFileReference; lastKnownFileType = sourcecode.swift; path = AccountView.swift; sourceTree = "<group>"; };
		D943890224189C760069596D /* MockUserRepository.swift */ = {isa = PBXFileReference; lastKnownFileType = sourcecode.swift; path = MockUserRepository.swift; sourceTree = "<group>"; };
		D943890424189F500069596D /* TestWebRepository.swift */ = {isa = PBXFileReference; lastKnownFileType = sourcecode.swift; path = TestWebRepository.swift; sourceTree = "<group>"; };
		D94389062418A5F20069596D /* MockCustomerRepository.swift */ = {isa = PBXFileReference; lastKnownFileType = sourcecode.swift; path = MockCustomerRepository.swift; sourceTree = "<group>"; };
		D9590709241F6377005FBCF1 /* ImageLoader.swift */ = {isa = PBXFileReference; lastKnownFileType = sourcecode.swift; path = ImageLoader.swift; sourceTree = "<group>"; };
		D959070B241F63D8005FBCF1 /* AsyncImage.swift */ = {isa = PBXFileReference; lastKnownFileType = sourcecode.swift; path = AsyncImage.swift; sourceTree = "<group>"; };
		D96365F42414ED0000F1B209 /* LoginView.swift */ = {isa = PBXFileReference; lastKnownFileType = sourcecode.swift; path = LoginView.swift; sourceTree = "<group>"; };
		D96365F62414F60700F1B209 /* LoginViewModel.swift */ = {isa = PBXFileReference; lastKnownFileType = sourcecode.swift; path = LoginViewModel.swift; sourceTree = "<group>"; };
		D993800D2414DA410067CB6A /* perros-app.app */ = {isa = PBXFileReference; explicitFileType = wrapper.application; includeInIndex = 0; path = "perros-app.app"; sourceTree = BUILT_PRODUCTS_DIR; };
		D99380102414DA410067CB6A /* AppDelegate.swift */ = {isa = PBXFileReference; lastKnownFileType = sourcecode.swift; path = AppDelegate.swift; sourceTree = "<group>"; };
		D99380122414DA410067CB6A /* SceneDelegate.swift */ = {isa = PBXFileReference; lastKnownFileType = sourcecode.swift; path = SceneDelegate.swift; sourceTree = "<group>"; };
		D99380142414DA410067CB6A /* CustomersView.swift */ = {isa = PBXFileReference; lastKnownFileType = sourcecode.swift; path = CustomersView.swift; sourceTree = "<group>"; };
		D99380162414DA430067CB6A /* Assets.xcassets */ = {isa = PBXFileReference; lastKnownFileType = folder.assetcatalog; path = Assets.xcassets; sourceTree = "<group>"; };
		D99380192414DA430067CB6A /* Preview Assets.xcassets */ = {isa = PBXFileReference; lastKnownFileType = folder.assetcatalog; path = "Preview Assets.xcassets"; sourceTree = "<group>"; };
		D993801C2414DA430067CB6A /* Base */ = {isa = PBXFileReference; lastKnownFileType = file.storyboard; name = Base; path = Base.lproj/LaunchScreen.storyboard; sourceTree = "<group>"; };
		D993801E2414DA430067CB6A /* Info.plist */ = {isa = PBXFileReference; lastKnownFileType = text.plist.xml; path = Info.plist; sourceTree = "<group>"; };
		D993802A2414DB570067CB6A /* CustomersViewModel.swift */ = {isa = PBXFileReference; lastKnownFileType = sourcecode.swift; path = CustomersViewModel.swift; sourceTree = "<group>"; };
		D993802D2414DB860067CB6A /* UI.swift */ = {isa = PBXFileReference; lastKnownFileType = sourcecode.swift; path = UI.swift; sourceTree = "<group>"; };
		D99380302414DBCA0067CB6A /* SearchBarView.swift */ = {isa = PBXFileReference; lastKnownFileType = sourcecode.swift; path = SearchBarView.swift; sourceTree = "<group>"; };
		D99380322414DBFE0067CB6A /* CustomerSingleRow.swift */ = {isa = PBXFileReference; lastKnownFileType = sourcecode.swift; path = CustomerSingleRow.swift; sourceTree = "<group>"; };
		D9A8F66F241A273D009BBAA6 /* TokenStore.swift */ = {isa = PBXFileReference; lastKnownFileType = sourcecode.swift; path = TokenStore.swift; sourceTree = "<group>"; };
		D9B68119242236E900BBE9FA /* BillingViewModel.swift */ = {isa = PBXFileReference; lastKnownFileType = sourcecode.swift; path = BillingViewModel.swift; sourceTree = "<group>"; };
		D9B6811B2422374900BBE9FA /* Billing.swift */ = {isa = PBXFileReference; lastKnownFileType = sourcecode.swift; path = Billing.swift; sourceTree = "<group>"; };
		D9B6811D2422440100BBE9FA /* PriceFormatter.swift */ = {isa = PBXFileReference; lastKnownFileType = sourcecode.swift; path = PriceFormatter.swift; sourceTree = "<group>"; };
		D9B6811F2422444D00BBE9FA /* BillingReduced.swift */ = {isa = PBXFileReference; lastKnownFileType = sourcecode.swift; path = BillingReduced.swift; sourceTree = "<group>"; };
		D9B9108B2420D7C700DB8181 /* CustomerDetailView.swift */ = {isa = PBXFileReference; lastKnownFileType = sourcecode.swift; path = CustomerDetailView.swift; sourceTree = "<group>"; };
		D9B9108E2420E0BD00DB8181 /* OrdersView.swift */ = {isa = PBXFileReference; lastKnownFileType = sourcecode.swift; path = OrdersView.swift; sourceTree = "<group>"; };
		D9B910912420E10600DB8181 /* BillingView.swift */ = {isa = PBXFileReference; lastKnownFileType = sourcecode.swift; path = BillingView.swift; sourceTree = "<group>"; };
		D9B910932420E78500DB8181 /* ImageCache.swift */ = {isa = PBXFileReference; lastKnownFileType = sourcecode.swift; path = ImageCache.swift; sourceTree = "<group>"; };
		D9B910952420EB7F00DB8181 /* OrdersViewModel.swift */ = {isa = PBXFileReference; lastKnownFileType = sourcecode.swift; path = OrdersViewModel.swift; sourceTree = "<group>"; };
		D9B910972420EBF900DB8181 /* OrderRepository.swift */ = {isa = PBXFileReference; lastKnownFileType = sourcecode.swift; path = OrderRepository.swift; sourceTree = "<group>"; };
		D9B910992420EC5300DB8181 /* Order.swift */ = {isa = PBXFileReference; lastKnownFileType = sourcecode.swift; path = Order.swift; sourceTree = "<group>"; };
		D9EC1F762423357B00FE186E /* DashboardView.swift */ = {isa = PBXFileReference; lastKnownFileType = sourcecode.swift; path = DashboardView.swift; sourceTree = "<group>"; };
		D9EC1F7C24235A3900FE186E /* OrdersDashboard.swift */ = {isa = PBXFileReference; lastKnownFileType = sourcecode.swift; path = OrdersDashboard.swift; sourceTree = "<group>"; };
		D9EC1F7E24235A7B00FE186E /* DashboardRepository.swift */ = {isa = PBXFileReference; lastKnownFileType = sourcecode.swift; path = DashboardRepository.swift; sourceTree = "<group>"; };
		D9EC1F8024235B3A00FE186E /* DashboardViewModel.swift */ = {isa = PBXFileReference; lastKnownFileType = sourcecode.swift; path = DashboardViewModel.swift; sourceTree = "<group>"; };
		D9EC1F8224235C5800FE186E /* MockDashboardRepository.swift */ = {isa = PBXFileReference; lastKnownFileType = sourcecode.swift; path = MockDashboardRepository.swift; sourceTree = "<group>"; };
		D9EC1F8424237E3500FE186E /* DateUtilities.swift */ = {isa = PBXFileReference; lastKnownFileType = sourcecode.swift; path = DateUtilities.swift; sourceTree = "<group>"; };
		D9F843BA2416682B000783E7 /* RootView.swift */ = {isa = PBXFileReference; lastKnownFileType = sourcecode.swift; path = RootView.swift; sourceTree = "<group>"; };
		D9F843BD241753D2000783E7 /* APICall.swift */ = {isa = PBXFileReference; lastKnownFileType = sourcecode.swift; path = APICall.swift; sourceTree = "<group>"; };
		D9F843BF241753F4000783E7 /* WebRepository.swift */ = {isa = PBXFileReference; lastKnownFileType = sourcecode.swift; path = WebRepository.swift; sourceTree = "<group>"; };
		D9F843C124175425000783E7 /* Publisher.swift */ = {isa = PBXFileReference; lastKnownFileType = sourcecode.swift; path = Publisher.swift; sourceTree = "<group>"; };
		D9F843C32417545E000783E7 /* Error.swift */ = {isa = PBXFileReference; lastKnownFileType = sourcecode.swift; path = Error.swift; sourceTree = "<group>"; };
		D9F843C5241754A8000783E7 /* UserRepository.swift */ = {isa = PBXFileReference; lastKnownFileType = sourcecode.swift; path = UserRepository.swift; sourceTree = "<group>"; };
		D9F843C82417668F000783E7 /* Config.swift */ = {isa = PBXFileReference; lastKnownFileType = sourcecode.swift; path = Config.swift; sourceTree = "<group>"; };
		D9F870B32421DC61008CA30A /* Keyboard.swift */ = {isa = PBXFileReference; lastKnownFileType = sourcecode.swift; path = Keyboard.swift; sourceTree = "<group>"; };
		D9F870B72421FE3A008CA30A /* TabbarController.swift */ = {isa = PBXFileReference; lastKnownFileType = sourcecode.swift; path = TabbarController.swift; sourceTree = "<group>"; };
/* End PBXFileReference section */

/* Begin PBXFrameworksBuildPhase section */
		D993800A2414DA410067CB6A /* Frameworks */ = {
			isa = PBXFrameworksBuildPhase;
			buildActionMask = 2147483647;
			files = (
				D94388FD2418994D0069596D /* KeychainAccess in Frameworks */,
			);
			runOnlyForDeploymentPostprocessing = 0;
		};
/* End PBXFrameworksBuildPhase section */

/* Begin PBXGroup section */
		D94388F424187CC80069596D /* Model */ = {
			isa = PBXGroup;
			children = (
				D94388F524187CCF0069596D /* Customer.swift */,
				D9B910992420EC5300DB8181 /* Order.swift */,
				D9B6811B2422374900BBE9FA /* Billing.swift */,
				D9B6811F2422444D00BBE9FA /* BillingReduced.swift */,
				D9EC1F7C24235A3900FE186E /* OrdersDashboard.swift */,
			);
			path = Model;
			sourceTree = "<group>";
		};
		D94388F724188EC50069596D /* Data */ = {
			isa = PBXGroup;
			children = (
				D94388F824188ECA0069596D /* Store */,
				D94388F424187CC80069596D /* Model */,
			);
			path = Data;
			sourceTree = "<group>";
		};
		D94388F824188ECA0069596D /* Store */ = {
			isa = PBXGroup;
			children = (
				D94388F924188ED40069596D /* AppState.swift */,
				D9A8F66F241A273D009BBAA6 /* TokenStore.swift */,
			);
			path = Store;
			sourceTree = "<group>";
		};
		D94388FE24189BC20069596D /* Account */ = {
			isa = PBXGroup;
			children = (
				D94388FF24189BCD0069596D /* AccountView.swift */,
			);
			path = Account;
			sourceTree = "<group>";
		};
		D943890124189C630069596D /* Mocks */ = {
			isa = PBXGroup;
			children = (
				D943890224189C760069596D /* MockUserRepository.swift */,
				D943890424189F500069596D /* TestWebRepository.swift */,
				D94389062418A5F20069596D /* MockCustomerRepository.swift */,
				D9EC1F8224235C5800FE186E /* MockDashboardRepository.swift */,
			);
			path = Mocks;
			sourceTree = "<group>";
		};
		D96365F32414ECEB00F1B209 /* Login */ = {
			isa = PBXGroup;
			children = (
				D96365F42414ED0000F1B209 /* LoginView.swift */,
				D96365F62414F60700F1B209 /* LoginViewModel.swift */,
				D9F843C5241754A8000783E7 /* UserRepository.swift */,
			);
			path = Login;
			sourceTree = "<group>";
		};
		D99380042414DA410067CB6A = {
			isa = PBXGroup;
			children = (
				D993800F2414DA410067CB6A /* perros-app */,
				D993800E2414DA410067CB6A /* Products */,
			);
			sourceTree = "<group>";
		};
		D993800E2414DA410067CB6A /* Products */ = {
			isa = PBXGroup;
			children = (
				D993800D2414DA410067CB6A /* perros-app.app */,
			);
			name = Products;
			sourceTree = "<group>";
		};
		D993800F2414DA410067CB6A /* perros-app */ = {
			isa = PBXGroup;
			children = (
				D943890124189C630069596D /* Mocks */,
				D99380252414DA7E0067CB6A /* App */,
				D94388F724188EC50069596D /* Data */,
				D9F843BC241753C8000783E7 /* Network */,
				D99380242414DA730067CB6A /* Scenes */,
				D99380262414DA8D0067CB6A /* Supporting */,
				D9F843C72417667B000783E7 /* Utilities */,
				D99380182414DA430067CB6A /* Preview Content */,
			);
			path = "perros-app";
			sourceTree = "<group>";
		};
		D99380182414DA430067CB6A /* Preview Content */ = {
			isa = PBXGroup;
			children = (
				D99380192414DA430067CB6A /* Preview Assets.xcassets */,
			);
			path = "Preview Content";
			sourceTree = "<group>";
		};
		D99380242414DA730067CB6A /* Scenes */ = {
			isa = PBXGroup;
			children = (
				D9EC1F752423356F00FE186E /* Dashboard */,
				D9B910902420E0FC00DB8181 /* Billing */,
				D9B9108D2420E0B100DB8181 /* Orders */,
				D9B9108A2420D7B500DB8181 /* CustomerDetail */,
				D94388FE24189BC20069596D /* Account */,
				D9F843B924166808000783E7 /* Root */,
				D96365F32414ECEB00F1B209 /* Login */,
				D993802F2414DBBF0067CB6A /* Common */,
				D99380272414DAC30067CB6A /* Customers */,
			);
			path = Scenes;
			sourceTree = "<group>";
		};
		D99380252414DA7E0067CB6A /* App */ = {
			isa = PBXGroup;
			children = (
				D99380102414DA410067CB6A /* AppDelegate.swift */,
				D99380122414DA410067CB6A /* SceneDelegate.swift */,
			);
			path = App;
			sourceTree = "<group>";
		};
		D99380262414DA8D0067CB6A /* Supporting */ = {
			isa = PBXGroup;
			children = (
				D99380162414DA430067CB6A /* Assets.xcassets */,
				D993801B2414DA430067CB6A /* LaunchScreen.storyboard */,
				D993801E2414DA430067CB6A /* Info.plist */,
			);
			path = Supporting;
			sourceTree = "<group>";
		};
		D99380272414DAC30067CB6A /* Customers */ = {
			isa = PBXGroup;
			children = (
				D99380142414DA410067CB6A /* CustomersView.swift */,
				D993802A2414DB570067CB6A /* CustomersViewModel.swift */,
				D99380322414DBFE0067CB6A /* CustomerSingleRow.swift */,
				D94388F224187C280069596D /* CustomerRepository.swift */,
			);
			path = Customers;
			sourceTree = "<group>";
		};
		D993802C2414DB750067CB6A /* Extensions */ = {
			isa = PBXGroup;
			children = (
				D993802D2414DB860067CB6A /* UI.swift */,
				D9F843C124175425000783E7 /* Publisher.swift */,
				D9F843C32417545E000783E7 /* Error.swift */,
				D9F870B32421DC61008CA30A /* Keyboard.swift */,
			);
			path = Extensions;
			sourceTree = "<group>";
		};
		D993802F2414DBBF0067CB6A /* Common */ = {
			isa = PBXGroup;
			children = (
				D99380302414DBCA0067CB6A /* SearchBarView.swift */,
				D959070B241F63D8005FBCF1 /* AsyncImage.swift */,
				D9F870B72421FE3A008CA30A /* TabbarController.swift */,
			);
			path = Common;
			sourceTree = "<group>";
		};
		D9B9108A2420D7B500DB8181 /* CustomerDetail */ = {
			isa = PBXGroup;
			children = (
				D9B9108B2420D7C700DB8181 /* CustomerDetailView.swift */,
			);
			path = CustomerDetail;
			sourceTree = "<group>";
		};
		D9B9108D2420E0B100DB8181 /* Orders */ = {
			isa = PBXGroup;
			children = (
				D9B9108E2420E0BD00DB8181 /* OrdersView.swift */,
				D9B910952420EB7F00DB8181 /* OrdersViewModel.swift */,
				D9B910972420EBF900DB8181 /* OrderRepository.swift */,
			);
			path = Orders;
			sourceTree = "<group>";
		};
		D9B910902420E0FC00DB8181 /* Billing */ = {
			isa = PBXGroup;
			children = (
				D9B910912420E10600DB8181 /* BillingView.swift */,
				D9B68119242236E900BBE9FA /* BillingViewModel.swift */,
			);
			path = Billing;
			sourceTree = "<group>";
		};
		D9EC1F752423356F00FE186E /* Dashboard */ = {
			isa = PBXGroup;
			children = (
				D9EC1F762423357B00FE186E /* DashboardView.swift */,
				D9EC1F7E24235A7B00FE186E /* DashboardRepository.swift */,
				D9EC1F8024235B3A00FE186E /* DashboardViewModel.swift */,
			);
			path = Dashboard;
			sourceTree = "<group>";
		};
		D9F843B924166808000783E7 /* Root */ = {
			isa = PBXGroup;
			children = (
				D9F843BA2416682B000783E7 /* RootView.swift */,
			);
			path = Root;
			sourceTree = "<group>";
		};
		D9F843BC241753C8000783E7 /* Network */ = {
			isa = PBXGroup;
			children = (
				D9F843BD241753D2000783E7 /* APICall.swift */,
				D9F843BF241753F4000783E7 /* WebRepository.swift */,
			);
			path = Network;
			sourceTree = "<group>";
		};
		D9F843C72417667B000783E7 /* Utilities */ = {
			isa = PBXGroup;
			children = (
				D993802C2414DB750067CB6A /* Extensions */,
				D9F843C82417668F000783E7 /* Config.swift */,
				D9590709241F6377005FBCF1 /* ImageLoader.swift */,
				D9B910932420E78500DB8181 /* ImageCache.swift */,
				D9B6811D2422440100BBE9FA /* PriceFormatter.swift */,
				D9EC1F8424237E3500FE186E /* DateUtilities.swift */,
			);
			path = Utilities;
			sourceTree = "<group>";
		};
/* End PBXGroup section */

/* Begin PBXNativeTarget section */
		D993800C2414DA410067CB6A /* perros-app */ = {
			isa = PBXNativeTarget;
			buildConfigurationList = D99380212414DA430067CB6A /* Build configuration list for PBXNativeTarget "perros-app" */;
			buildPhases = (
				D99380092414DA410067CB6A /* Sources */,
				D993800A2414DA410067CB6A /* Frameworks */,
				D993800B2414DA410067CB6A /* Resources */,
			);
			buildRules = (
			);
			dependencies = (
			);
			name = "perros-app";
			packageProductDependencies = (
				D94388FC2418994D0069596D /* KeychainAccess */,
			);
			productName = "perros-app";
			productReference = D993800D2414DA410067CB6A /* perros-app.app */;
			productType = "com.apple.product-type.application";
		};
/* End PBXNativeTarget section */

/* Begin PBXProject section */
		D99380052414DA410067CB6A /* Project object */ = {
			isa = PBXProject;
			attributes = {
				LastSwiftUpdateCheck = 1130;
				LastUpgradeCheck = 1130;
				ORGANIZATIONNAME = "Alan Steiman";
				TargetAttributes = {
					D993800C2414DA410067CB6A = {
						CreatedOnToolsVersion = 11.3.1;
					};
				};
			};
			buildConfigurationList = D99380082414DA410067CB6A /* Build configuration list for PBXProject "perros-app" */;
			compatibilityVersion = "Xcode 9.3";
			developmentRegion = en;
			hasScannedForEncodings = 0;
			knownRegions = (
				en,
				Base,
			);
			mainGroup = D99380042414DA410067CB6A;
			packageReferences = (
				D94388FB2418994D0069596D /* XCRemoteSwiftPackageReference "KeychainAccess" */,
			);
			productRefGroup = D993800E2414DA410067CB6A /* Products */;
			projectDirPath = "";
			projectRoot = "";
			targets = (
				D993800C2414DA410067CB6A /* perros-app */,
			);
		};
/* End PBXProject section */

/* Begin PBXResourcesBuildPhase section */
		D993800B2414DA410067CB6A /* Resources */ = {
			isa = PBXResourcesBuildPhase;
			buildActionMask = 2147483647;
			files = (
				D993801D2414DA430067CB6A /* LaunchScreen.storyboard in Resources */,
				D993801A2414DA430067CB6A /* Preview Assets.xcassets in Resources */,
				D99380172414DA430067CB6A /* Assets.xcassets in Resources */,
			);
			runOnlyForDeploymentPostprocessing = 0;
		};
/* End PBXResourcesBuildPhase section */

/* Begin PBXSourcesBuildPhase section */
		D99380092414DA410067CB6A /* Sources */ = {
			isa = PBXSourcesBuildPhase;
			buildActionMask = 2147483647;
			files = (
				D9B910942420E78500DB8181 /* ImageCache.swift in Sources */,
				D94388F324187C280069596D /* CustomerRepository.swift in Sources */,
				D9F843BB2416682B000783E7 /* RootView.swift in Sources */,
				D943890524189F500069596D /* TestWebRepository.swift in Sources */,
				D9B681202422444D00BBE9FA /* BillingReduced.swift in Sources */,
				D99380112414DA410067CB6A /* AppDelegate.swift in Sources */,
				D9B910962420EB7F00DB8181 /* OrdersViewModel.swift in Sources */,
				D9F843C92417668F000783E7 /* Config.swift in Sources */,
				D9B910922420E10600DB8181 /* BillingView.swift in Sources */,
				D9EC1F7D24235A3900FE186E /* OrdersDashboard.swift in Sources */,
				D9EC1F8324235C5800FE186E /* MockDashboardRepository.swift in Sources */,
				D943890024189BCD0069596D /* AccountView.swift in Sources */,
				D9F843BE241753D2000783E7 /* APICall.swift in Sources */,
				D99380132414DA410067CB6A /* SceneDelegate.swift in Sources */,
				D99380312414DBCA0067CB6A /* SearchBarView.swift in Sources */,
				D9B910982420EBF900DB8181 /* OrderRepository.swift in Sources */,
				D94388FA24188ED40069596D /* AppState.swift in Sources */,
				D9B6811E2422440100BBE9FA /* PriceFormatter.swift in Sources */,
				D99380152414DA410067CB6A /* CustomersView.swift in Sources */,
				D9EC1F772423357B00FE186E /* DashboardView.swift in Sources */,
				D9B9109A2420EC5300DB8181 /* Order.swift in Sources */,
				D993802B2414DB570067CB6A /* CustomersViewModel.swift in Sources */,
				D99380332414DBFE0067CB6A /* CustomerSingleRow.swift in Sources */,
				D9B6811A242236E900BBE9FA /* BillingViewModel.swift in Sources */,
				D9F843C224175425000783E7 /* Publisher.swift in Sources */,
				D9B9108C2420D7C700DB8181 /* CustomerDetailView.swift in Sources */,
				D94389072418A5F20069596D /* MockCustomerRepository.swift in Sources */,
				D96365F72414F60700F1B209 /* LoginViewModel.swift in Sources */,
				D96365F52414ED0000F1B209 /* LoginView.swift in Sources */,
				D959070A241F6377005FBCF1 /* ImageLoader.swift in Sources */,
				D9B6811C2422374900BBE9FA /* Billing.swift in Sources */,
				D9EC1F8124235B3A00FE186E /* DashboardViewModel.swift in Sources */,
				D9F870B82421FE3A008CA30A /* TabbarController.swift in Sources */,
				D9EC1F8524237E3500FE186E /* DateUtilities.swift in Sources */,
				D9A8F670241A273D009BBAA6 /* TokenStore.swift in Sources */,
				D943890324189C760069596D /* MockUserRepository.swift in Sources */,
				D9B9108F2420E0BD00DB8181 /* OrdersView.swift in Sources */,
				D94388F624187CCF0069596D /* Customer.swift in Sources */,
				D9F843C0241753F4000783E7 /* WebRepository.swift in Sources */,
				D9EC1F7F24235A7B00FE186E /* DashboardRepository.swift in Sources */,
				D993802E2414DB860067CB6A /* UI.swift in Sources */,
				D9F870B42421DC61008CA30A /* Keyboard.swift in Sources */,
				D9F843C42417545E000783E7 /* Error.swift in Sources */,
				D959070C241F63D8005FBCF1 /* AsyncImage.swift in Sources */,
				D9F843C6241754A8000783E7 /* UserRepository.swift in Sources */,
			);
			runOnlyForDeploymentPostprocessing = 0;
		};
/* End PBXSourcesBuildPhase section */

/* Begin PBXVariantGroup section */
		D993801B2414DA430067CB6A /* LaunchScreen.storyboard */ = {
			isa = PBXVariantGroup;
			children = (
				D993801C2414DA430067CB6A /* Base */,
			);
			name = LaunchScreen.storyboard;
			sourceTree = "<group>";
		};
/* End PBXVariantGroup section */

/* Begin XCBuildConfiguration section */
		D993801F2414DA430067CB6A /* Debug */ = {
			isa = XCBuildConfiguration;
			buildSettings = {
				ALWAYS_SEARCH_USER_PATHS = NO;
				CLANG_ANALYZER_NONNULL = YES;
				CLANG_ANALYZER_NUMBER_OBJECT_CONVERSION = YES_AGGRESSIVE;
				CLANG_CXX_LANGUAGE_STANDARD = "gnu++14";
				CLANG_CXX_LIBRARY = "libc++";
				CLANG_ENABLE_MODULES = YES;
				CLANG_ENABLE_OBJC_ARC = YES;
				CLANG_ENABLE_OBJC_WEAK = YES;
				CLANG_WARN_BLOCK_CAPTURE_AUTORELEASING = YES;
				CLANG_WARN_BOOL_CONVERSION = YES;
				CLANG_WARN_COMMA = YES;
				CLANG_WARN_CONSTANT_CONVERSION = YES;
				CLANG_WARN_DEPRECATED_OBJC_IMPLEMENTATIONS = YES;
				CLANG_WARN_DIRECT_OBJC_ISA_USAGE = YES_ERROR;
				CLANG_WARN_DOCUMENTATION_COMMENTS = YES;
				CLANG_WARN_EMPTY_BODY = YES;
				CLANG_WARN_ENUM_CONVERSION = YES;
				CLANG_WARN_INFINITE_RECURSION = YES;
				CLANG_WARN_INT_CONVERSION = YES;
				CLANG_WARN_NON_LITERAL_NULL_CONVERSION = YES;
				CLANG_WARN_OBJC_IMPLICIT_RETAIN_SELF = YES;
				CLANG_WARN_OBJC_LITERAL_CONVERSION = YES;
				CLANG_WARN_OBJC_ROOT_CLASS = YES_ERROR;
				CLANG_WARN_RANGE_LOOP_ANALYSIS = YES;
				CLANG_WARN_STRICT_PROTOTYPES = YES;
				CLANG_WARN_SUSPICIOUS_MOVE = YES;
				CLANG_WARN_UNGUARDED_AVAILABILITY = YES_AGGRESSIVE;
				CLANG_WARN_UNREACHABLE_CODE = YES;
				CLANG_WARN__DUPLICATE_METHOD_MATCH = YES;
				COPY_PHASE_STRIP = NO;
				DEBUG_INFORMATION_FORMAT = dwarf;
				ENABLE_STRICT_OBJC_MSGSEND = YES;
				ENABLE_TESTABILITY = YES;
				GCC_C_LANGUAGE_STANDARD = gnu11;
				GCC_DYNAMIC_NO_PIC = NO;
				GCC_NO_COMMON_BLOCKS = YES;
				GCC_OPTIMIZATION_LEVEL = 0;
				GCC_PREPROCESSOR_DEFINITIONS = (
					"DEBUG=1",
					"$(inherited)",
				);
				GCC_WARN_64_TO_32_BIT_CONVERSION = YES;
				GCC_WARN_ABOUT_RETURN_TYPE = YES_ERROR;
				GCC_WARN_UNDECLARED_SELECTOR = YES;
				GCC_WARN_UNINITIALIZED_AUTOS = YES_AGGRESSIVE;
				GCC_WARN_UNUSED_FUNCTION = YES;
				GCC_WARN_UNUSED_VARIABLE = YES;
				IPHONEOS_DEPLOYMENT_TARGET = 13.2;
				MTL_ENABLE_DEBUG_INFO = INCLUDE_SOURCE;
				MTL_FAST_MATH = YES;
				ONLY_ACTIVE_ARCH = YES;
				SDKROOT = iphoneos;
				SWIFT_ACTIVE_COMPILATION_CONDITIONS = DEBUG;
				SWIFT_OPTIMIZATION_LEVEL = "-Onone";
			};
			name = Debug;
		};
		D99380202414DA430067CB6A /* Release */ = {
			isa = XCBuildConfiguration;
			buildSettings = {
				ALWAYS_SEARCH_USER_PATHS = NO;
				CLANG_ANALYZER_NONNULL = YES;
				CLANG_ANALYZER_NUMBER_OBJECT_CONVERSION = YES_AGGRESSIVE;
				CLANG_CXX_LANGUAGE_STANDARD = "gnu++14";
				CLANG_CXX_LIBRARY = "libc++";
				CLANG_ENABLE_MODULES = YES;
				CLANG_ENABLE_OBJC_ARC = YES;
				CLANG_ENABLE_OBJC_WEAK = YES;
				CLANG_WARN_BLOCK_CAPTURE_AUTORELEASING = YES;
				CLANG_WARN_BOOL_CONVERSION = YES;
				CLANG_WARN_COMMA = YES;
				CLANG_WARN_CONSTANT_CONVERSION = YES;
				CLANG_WARN_DEPRECATED_OBJC_IMPLEMENTATIONS = YES;
				CLANG_WARN_DIRECT_OBJC_ISA_USAGE = YES_ERROR;
				CLANG_WARN_DOCUMENTATION_COMMENTS = YES;
				CLANG_WARN_EMPTY_BODY = YES;
				CLANG_WARN_ENUM_CONVERSION = YES;
				CLANG_WARN_INFINITE_RECURSION = YES;
				CLANG_WARN_INT_CONVERSION = YES;
				CLANG_WARN_NON_LITERAL_NULL_CONVERSION = YES;
				CLANG_WARN_OBJC_IMPLICIT_RETAIN_SELF = YES;
				CLANG_WARN_OBJC_LITERAL_CONVERSION = YES;
				CLANG_WARN_OBJC_ROOT_CLASS = YES_ERROR;
				CLANG_WARN_RANGE_LOOP_ANALYSIS = YES;
				CLANG_WARN_STRICT_PROTOTYPES = YES;
				CLANG_WARN_SUSPICIOUS_MOVE = YES;
				CLANG_WARN_UNGUARDED_AVAILABILITY = YES_AGGRESSIVE;
				CLANG_WARN_UNREACHABLE_CODE = YES;
				CLANG_WARN__DUPLICATE_METHOD_MATCH = YES;
				COPY_PHASE_STRIP = NO;
				DEBUG_INFORMATION_FORMAT = "dwarf-with-dsym";
				ENABLE_NS_ASSERTIONS = NO;
				ENABLE_STRICT_OBJC_MSGSEND = YES;
				GCC_C_LANGUAGE_STANDARD = gnu11;
				GCC_NO_COMMON_BLOCKS = YES;
				GCC_WARN_64_TO_32_BIT_CONVERSION = YES;
				GCC_WARN_ABOUT_RETURN_TYPE = YES_ERROR;
				GCC_WARN_UNDECLARED_SELECTOR = YES;
				GCC_WARN_UNINITIALIZED_AUTOS = YES_AGGRESSIVE;
				GCC_WARN_UNUSED_FUNCTION = YES;
				GCC_WARN_UNUSED_VARIABLE = YES;
				IPHONEOS_DEPLOYMENT_TARGET = 13.2;
				MTL_ENABLE_DEBUG_INFO = NO;
				MTL_FAST_MATH = YES;
				SDKROOT = iphoneos;
				SWIFT_COMPILATION_MODE = wholemodule;
				SWIFT_OPTIMIZATION_LEVEL = "-O";
				VALIDATE_PRODUCT = YES;
			};
			name = Release;
		};
		D99380222414DA430067CB6A /* Debug */ = {
			isa = XCBuildConfiguration;
			buildSettings = {
				ASSETCATALOG_COMPILER_APPICON_NAME = AppIcon;
				CODE_SIGN_STYLE = Automatic;
				DEVELOPMENT_ASSET_PATHS = "\"perros-app/Preview Content\"";
				DEVELOPMENT_TEAM = 9SR3A23TQJ;
				ENABLE_PREVIEWS = YES;
				INFOPLIST_FILE = "perros-app/Supporting/Info.plist";
				LD_RUNPATH_SEARCH_PATHS = (
					"$(inherited)",
					"@executable_path/Frameworks",
				);
				PRODUCT_BUNDLE_IDENTIFIER = "alan.perros-app";
				PRODUCT_NAME = "$(TARGET_NAME)";
				SWIFT_VERSION = 5.0;
				TARGETED_DEVICE_FAMILY = "1,2";
			};
			name = Debug;
		};
		D99380232414DA430067CB6A /* Release */ = {
			isa = XCBuildConfiguration;
			buildSettings = {
				ASSETCATALOG_COMPILER_APPICON_NAME = AppIcon;
				CODE_SIGN_STYLE = Automatic;
				DEVELOPMENT_ASSET_PATHS = "\"perros-app/Preview Content\"";
				DEVELOPMENT_TEAM = 9SR3A23TQJ;
				ENABLE_PREVIEWS = YES;
				INFOPLIST_FILE = "perros-app/Supporting/Info.plist";
				LD_RUNPATH_SEARCH_PATHS = (
					"$(inherited)",
					"@executable_path/Frameworks",
				);
				PRODUCT_BUNDLE_IDENTIFIER = "alan.perros-app";
				PRODUCT_NAME = "$(TARGET_NAME)";
				SWIFT_VERSION = 5.0;
				TARGETED_DEVICE_FAMILY = "1,2";
			};
			name = Release;
		};
/* End XCBuildConfiguration section */

/* Begin XCConfigurationList section */
		D99380082414DA410067CB6A /* Build configuration list for PBXProject "perros-app" */ = {
			isa = XCConfigurationList;
			buildConfigurations = (
				D993801F2414DA430067CB6A /* Debug */,
				D99380202414DA430067CB6A /* Release */,
			);
			defaultConfigurationIsVisible = 0;
			defaultConfigurationName = Release;
		};
		D99380212414DA430067CB6A /* Build configuration list for PBXNativeTarget "perros-app" */ = {
			isa = XCConfigurationList;
			buildConfigurations = (
				D99380222414DA430067CB6A /* Debug */,
				D99380232414DA430067CB6A /* Release */,
			);
			defaultConfigurationIsVisible = 0;
			defaultConfigurationName = Release;
		};
/* End XCConfigurationList section */

/* Begin XCRemoteSwiftPackageReference section */
		D94388FB2418994D0069596D /* XCRemoteSwiftPackageReference "KeychainAccess" */ = {
			isa = XCRemoteSwiftPackageReference;
			repositoryURL = "https://github.com/kishikawakatsumi/KeychainAccess.git";
			requirement = {
				kind = upToNextMajorVersion;
				minimumVersion = 4.1.0;
			};
		};
/* End XCRemoteSwiftPackageReference section */

/* Begin XCSwiftPackageProductDependency section */
		D94388FC2418994D0069596D /* KeychainAccess */ = {
			isa = XCSwiftPackageProductDependency;
			package = D94388FB2418994D0069596D /* XCRemoteSwiftPackageReference "KeychainAccess" */;
			productName = KeychainAccess;
		};
/* End XCSwiftPackageProductDependency section */
	};
	rootObject = D99380052414DA410067CB6A /* Project object */;
}
